
Microsoft Visual Studio Solution File, Format Version 12.00
# Visual Studio Version 16
VisualStudioVersion = 16.0.32630.194
MinimumVisualStudioVersion = 10.0.40219.1
Project("{FAE04EC0-301F-11D3-BF4B-00C04F79EFBC}") = "DiceRoller.Android", "DiceRoller.Android\DiceRoller.Android.csproj", "{6A45DA25-67FA-44D9-8315-C9182759BF0E}"
EndProject
Project("{9A19103F-16F7-4668-BE54-9A1E7A4F7556}") = "DiceRoller", "DiceRoller\DiceRoller.csproj", "{998313F5-BBB7-4E04-AFFF-4CA41D953652}"
EndProject
Project("{9A19103F-16F7-4668-BE54-9A1E7A4F7556}") = "DieTests", "DieTests\DieTests.csproj", "{73959B5F-222A-48E7-8A41-16486E02340A}"
EndProject
Project("{FAE04EC0-301F-11D3-BF4B-00C04F79EFBC}") = "UITest", "UITest\UITest.csproj", "{736E2807-4ACB-4DD4-AF6A-AE8BD24AFF98}"
EndProject
Global
	GlobalSection(SolutionConfigurationPlatforms) = preSolution
		Debug|Any CPU = Debug|Any CPU
		Release|Any CPU = Release|Any CPU
	EndGlobalSection
	GlobalSection(ProjectConfigurationPlatforms) = postSolution
		{6A45DA25-67FA-44D9-8315-C9182759BF0E}.Debug|Any CPU.ActiveCfg = Debug|Any CPU
		{6A45DA25-67FA-44D9-8315-C9182759BF0E}.Debug|Any CPU.Build.0 = Debug|Any CPU
		{6A45DA25-67FA-44D9-8315-C9182759BF0E}.Debug|Any CPU.Deploy.0 = Debug|Any CPU
		{6A45DA25-67FA-44D9-8315-C9182759BF0E}.Release|Any CPU.ActiveCfg = Release|Any CPU
		{6A45DA25-67FA-44D9-8315-C9182759BF0E}.Release|Any CPU.Build.0 = Release|Any CPU
		{6A45DA25-67FA-44D9-8315-C9182759BF0E}.Release|Any CPU.Deploy.0 = Release|Any CPU
		{998313F5-BBB7-4E04-AFFF-4CA41D953652}.Debug|Any CPU.ActiveCfg = Debug|Any CPU
		{998313F5-BBB7-4E04-AFFF-4CA41D953652}.Debug|Any CPU.Build.0 = Debug|Any CPU
		{998313F5-BBB7-4E04-AFFF-4CA41D953652}.Debug|Any CPU.Deploy.0 = Debug|Any CPU
		{998313F5-BBB7-4E04-AFFF-4CA41D953652}.Release|Any CPU.ActiveCfg = Release|Any CPU
		{998313F5-BBB7-4E04-AFFF-4CA41D953652}.Release|Any CPU.Build.0 = Release|Any CPU
		{998313F5-BBB7-4E04-AFFF-4CA41D953652}.Release|Any CPU.Deploy.0 = Release|Any CPU
		{73959B5F-222A-48E7-8A41-16486E02340A}.Debug|Any CPU.ActiveCfg = Debug|Any CPU
		{73959B5F-222A-48E7-8A41-16486E02340A}.Debug|Any CPU.Build.0 = Debug|Any CPU
		{73959B5F-222A-48E7-8A41-16486E02340A}.Release|Any CPU.ActiveCfg = Release|Any CPU
		{73959B5F-222A-48E7-8A41-16486E02340A}.Release|Any CPU.Build.0 = Release|Any CPU
		{736E2807-4ACB-4DD4-AF6A-AE8BD24AFF98}.Debug|Any CPU.ActiveCfg = Debug|Any CPU
		{736E2807-4ACB-4DD4-AF6A-AE8BD24AFF98}.Debug|Any CPU.Build.0 = Debug|Any CPU
		{736E2807-4ACB-4DD4-AF6A-AE8BD24AFF98}.Release|Any CPU.ActiveCfg = Release|Any CPU
		{736E2807-4ACB-4DD4-AF6A-AE8BD24AFF98}.Release|Any CPU.Build.0 = Release|Any CPU
	EndGlobalSection
	GlobalSection(SolutionProperties) = preSolution
		HideSolutionNode = FALSE
	EndGlobalSection
	GlobalSection(ExtensibilityGlobals) = postSolution
		SolutionGuid = {09D6418B-6CD5-44FF-A9BB-6DCA445B3872}
	EndGlobalSection
EndGlobal
